// !$*UTF8*$!
{
	archiveVersion = 1;
	classes = {
	};
	objectVersion = 46;
	objects = {

/* Begin PBXBuildFile section */
		4E458F21FBB26791064ECC06 /* libPods.a in Frameworks */ = {isa = PBXBuildFile; fileRef = 1CD6B7B586AC9CCA5B08E770 /* libPods.a */; };
		C20570591C89965E0033D189 /* main.m in Sources */ = {isa = PBXBuildFile; fileRef = C20570581C89965E0033D189 /* main.m */; };
		C205705C1C89965E0033D189 /* AppDelegate.m in Sources */ = {isa = PBXBuildFile; fileRef = C205705B1C89965E0033D189 /* AppDelegate.m */; };
		C205705F1C89965E0033D189 /* ViewController.m in Sources */ = {isa = PBXBuildFile; fileRef = C205705E1C89965E0033D189 /* ViewController.m */; };
		C20570621C89965E0033D189 /* Main.storyboard in Resources */ = {isa = PBXBuildFile; fileRef = C20570601C89965E0033D189 /* Main.storyboard */; };
		C20570641C89965E0033D189 /* Assets.xcassets in Resources */ = {isa = PBXBuildFile; fileRef = C20570631C89965E0033D189 /* Assets.xcassets */; };
		C20570671C89965E0033D189 /* LaunchScreen.storyboard in Resources */ = {isa = PBXBuildFile; fileRef = C20570651C89965E0033D189 /* LaunchScreen.storyboard */; };
		C20570741C899F220033D189 /* PennameViewController.m in Sources */ = {isa = PBXBuildFile; fileRef = C20570731C899F220033D189 /* PennameViewController.m */; };
		C20570781C899FC50033D189 /* MainViewController.m in Sources */ = {isa = PBXBuildFile; fileRef = C20570771C899FC50033D189 /* MainViewController.m */; };
		C20570801C89A6E20033D189 /* SealView.m in Sources */ = {isa = PBXBuildFile; fileRef = C205707F1C89A6E20033D189 /* SealView.m */; };
		C20570871C89EC9B0033D189 /* Reveal.framework in Frameworks */ = {isa = PBXBuildFile; fileRef = C20570861C89EC9A0033D189 /* Reveal.framework */; };
		C205708B1C8AD5AE0033D189 /* MyFontViewController.m in Sources */ = {isa = PBXBuildFile; fileRef = C205708A1C8AD5AE0033D189 /* MyFontViewController.m */; };
		C20570951C8BEF5A0033D189 /* tianzige@2x.png in Resources */ = {isa = PBXBuildFile; fileRef = C20570931C8BEF5A0033D189 /* tianzige@2x.png */; };
		C20570961C8BEF5A0033D189 /* tianzige@3x.png in Resources */ = {isa = PBXBuildFile; fileRef = C20570941C8BEF5A0033D189 /* tianzige@3x.png */; };
		C20570991C8BF95D0033D189 /* 汉仪篆书繁.ttf in Resources */ = {isa = PBXBuildFile; fileRef = C20570841C89B5F70033D189 /* 汉仪篆书繁.ttf */; };
		C24A18421C8C0BB400FEFF21 /* FMDBHelper.m in Sources */ = {isa = PBXBuildFile; fileRef = C24A18411C8C0BB400FEFF21 /* FMDBHelper.m */; };
		C24A18451C8C150000FEFF21 /* ZOFontModel.m in Sources */ = {isa = PBXBuildFile; fileRef = C24A18441C8C150000FEFF21 /* ZOFontModel.m */; };
		C24A18481C8D5B2100FEFF21 /* ZOPNGManager.m in Sources */ = {isa = PBXBuildFile; fileRef = C24A18471C8D5B2100FEFF21 /* ZOPNGManager.m */; };
		C24A184B1C8D6AE300FEFF21 /* WriteWordViewController.m in Sources */ = {isa = PBXBuildFile; fileRef = C24A184A1C8D6AE300FEFF21 /* WriteWordViewController.m */; };
		C24A18541C8ECC8900FEFF21 /* InputNameView.m in Sources */ = {isa = PBXBuildFile; fileRef = C24A18531C8ECC8900FEFF21 /* InputNameView.m */; };
		C24A185A1C901C2100FEFF21 /* AFBrushBoard.swift in Sources */ = {isa = PBXBuildFile; fileRef = C24A18591C901C2100FEFF21 /* AFBrushBoard.swift */; };
		C254F7BB1C996384009E1441 /* UIImage+Tint.m in Sources */ = {isa = PBXBuildFile; fileRef = C254F7BA1C996384009E1441 /* UIImage+Tint.m */; };
		C254F7BE1C9ABB6B009E1441 /* PreviewViewController.m in Sources */ = {isa = PBXBuildFile; fileRef = C254F7BD1C9ABB6B009E1441 /* PreviewViewController.m */; };
		C254F7C11C9ABD2A009E1441 /* SaveSuccessViewController.m in Sources */ = {isa = PBXBuildFile; fileRef = C254F7C01C9ABD2A009E1441 /* SaveSuccessViewController.m */; };
		C254F7C21C9AD6FD009E1441 /* seal_background.png in Resources */ = {isa = PBXBuildFile; fileRef = C20570811C89A6F60033D189 /* seal_background.png */; };
		C254F7C41C9C1B1F009E1441 /* picture_placeholder.png in Resources */ = {isa = PBXBuildFile; fileRef = C254F7C31C9C1B1F009E1441 /* picture_placeholder.png */; };
		C2BA977C1C9142E8007B7725 /* SingleWordViewController.m in Sources */ = {isa = PBXBuildFile; fileRef = C2BA977B1C9142E8007B7725 /* SingleWordViewController.m */; };
		C2BA977F1C915A00007B7725 /* WordListViewController.m in Sources */ = {isa = PBXBuildFile; fileRef = C2BA977E1C915A00007B7725 /* WordListViewController.m */; };
		C2BA97821C916748007B7725 /* SingleWordCollectionViewCell.m in Sources */ = {isa = PBXBuildFile; fileRef = C2BA97811C916748007B7725 /* SingleWordCollectionViewCell.m */; };
		C2BA97861C929A0E007B7725 /* ChooseTemplateViewController.m in Sources */ = {isa = PBXBuildFile; fileRef = C2BA97851C929A0E007B7725 /* ChooseTemplateViewController.m */; };
		C2BA97891C92C4CB007B7725 /* CreateStuffViewController.m in Sources */ = {isa = PBXBuildFile; fileRef = C2BA97881C92C4CB007B7725 /* CreateStuffViewController.m */; };
		C2BA978C1C93E839007B7725 /* CreateStuffToolbar.m in Sources */ = {isa = PBXBuildFile; fileRef = C2BA978B1C93E839007B7725 /* CreateStuffToolbar.m */; };
		C2BA978F1C993860007B7725 /* WordImageView.m in Sources */ = {isa = PBXBuildFile; fileRef = C2BA978E1C993860007B7725 /* WordImageView.m */; };
		C2C654051CABA85E003B989E /* pure_text@2x.png in Resources */ = {isa = PBXBuildFile; fileRef = C2C654031CABA85E003B989E /* pure_text@2x.png */; };
		C2C654061CABA85E003B989E /* pure_text@3x.png in Resources */ = {isa = PBXBuildFile; fileRef = C2C654041CABA85E003B989E /* pure_text@3x.png */; };
		C2C654091CABAABE003B989E /* image_top@2x.png in Resources */ = {isa = PBXBuildFile; fileRef = C2C654071CABAABE003B989E /* image_top@2x.png */; };
		C2C6540A1CABAABE003B989E /* image_top@3x.png in Resources */ = {isa = PBXBuildFile; fileRef = C2C654081CABAABE003B989E /* image_top@3x.png */; };
		C2C6540D1CABABC5003B989E /* text_in_image@2x.png in Resources */ = {isa = PBXBuildFile; fileRef = C2C6540B1CABABC5003B989E /* text_in_image@2x.png */; };
		C2C6540E1CABABC5003B989E /* text_in_image@3x.png in Resources */ = {isa = PBXBuildFile; fileRef = C2C6540C1CABABC5003B989E /* text_in_image@3x.png */; };
/* End PBXBuildFile section */

/* Begin PBXFileReference section */
		1B0B0B356551C2EBF461E346 /* Pods.release.xcconfig */ = {isa = PBXFileReference; includeInIndex = 1; lastKnownFileType = text.xcconfig; name = Pods.release.xcconfig; path = "Pods/Target Support Files/Pods/Pods.release.xcconfig"; sourceTree = "<group>"; };
		1CD6B7B586AC9CCA5B08E770 /* libPods.a */ = {isa = PBXFileReference; explicitFileType = archive.ar; includeInIndex = 0; path = libPods.a; sourceTree = BUILT_PRODUCTS_DIR; };
		7A1A2E9293D64D88FA61E96A /* Pods.debug.xcconfig */ = {isa = PBXFileReference; includeInIndex = 1; lastKnownFileType = text.xcconfig; name = Pods.debug.xcconfig; path = "Pods/Target Support Files/Pods/Pods.debug.xcconfig"; sourceTree = "<group>"; };
		C20570541C89965E0033D189 /* ZO.app */ = {isa = PBXFileReference; explicitFileType = wrapper.application; includeInIndex = 0; path = ZO.app; sourceTree = BUILT_PRODUCTS_DIR; };
		C20570581C89965E0033D189 /* main.m */ = {isa = PBXFileReference; lastKnownFileType = sourcecode.c.objc; path = main.m; sourceTree = "<group>"; };
		C205705A1C89965E0033D189 /* AppDelegate.h */ = {isa = PBXFileReference; lastKnownFileType = sourcecode.c.h; path = AppDelegate.h; sourceTree = "<group>"; };
		C205705B1C89965E0033D189 /* AppDelegate.m */ = {isa = PBXFileReference; lastKnownFileType = sourcecode.c.objc; path = AppDelegate.m; sourceTree = "<group>"; };
		C205705D1C89965E0033D189 /* ViewController.h */ = {isa = PBXFileReference; lastKnownFileType = sourcecode.c.h; path = ViewController.h; sourceTree = "<group>"; };
		C205705E1C89965E0033D189 /* ViewController.m */ = {isa = PBXFileReference; lastKnownFileType = sourcecode.c.objc; path = ViewController.m; sourceTree = "<group>"; };
		C20570611C89965E0033D189 /* Base */ = {isa = PBXFileReference; lastKnownFileType = file.storyboard; name = Base; path = Base.lproj/Main.storyboard; sourceTree = "<group>"; };
		C20570631C89965E0033D189 /* Assets.xcassets */ = {isa = PBXFileReference; lastKnownFileType = folder.assetcatalog; path = Assets.xcassets; sourceTree = "<group>"; };
		C20570661C89965E0033D189 /* Base */ = {isa = PBXFileReference; lastKnownFileType = file.storyboard; name = Base; path = Base.lproj/LaunchScreen.storyboard; sourceTree = "<group>"; };
		C20570681C89965E0033D189 /* Info.plist */ = {isa = PBXFileReference; lastKnownFileType = text.plist.xml; path = Info.plist; sourceTree = "<group>"; };
		C20570721C899F220033D189 /* PennameViewController.h */ = {isa = PBXFileReference; fileEncoding = 4; lastKnownFileType = sourcecode.c.h; path = PennameViewController.h; sourceTree = "<group>"; };
		C20570731C899F220033D189 /* PennameViewController.m */ = {isa = PBXFileReference; fileEncoding = 4; lastKnownFileType = sourcecode.c.objc; path = PennameViewController.m; sourceTree = "<group>"; };
		C20570761C899FC50033D189 /* MainViewController.h */ = {isa = PBXFileReference; fileEncoding = 4; lastKnownFileType = sourcecode.c.h; path = MainViewController.h; sourceTree = "<group>"; };
		C20570771C899FC50033D189 /* MainViewController.m */ = {isa = PBXFileReference; fileEncoding = 4; lastKnownFileType = sourcecode.c.objc; path = MainViewController.m; sourceTree = "<group>"; };
		C205707E1C89A6E20033D189 /* SealView.h */ = {isa = PBXFileReference; fileEncoding = 4; lastKnownFileType = sourcecode.c.h; path = SealView.h; sourceTree = "<group>"; };
		C205707F1C89A6E20033D189 /* SealView.m */ = {isa = PBXFileReference; fileEncoding = 4; lastKnownFileType = sourcecode.c.objc; path = SealView.m; sourceTree = "<group>"; };
		C20570811C89A6F60033D189 /* seal_background.png */ = {isa = PBXFileReference; lastKnownFileType = image.png; name = seal_background.png; path = ../seal_background.png; sourceTree = "<group>"; };
		C20570831C89ADD00033D189 /* PrefixHeader.pch */ = {isa = PBXFileReference; lastKnownFileType = sourcecode.c.h; path = PrefixHeader.pch; sourceTree = "<group>"; };
		C20570841C89B5F70033D189 /* 汉仪篆书繁.ttf */ = {isa = PBXFileReference; lastKnownFileType = file; name = "汉仪篆书繁.ttf"; path = "../汉仪篆书繁.ttf"; sourceTree = "<group>"; };
		C20570861C89EC9A0033D189 /* Reveal.framework */ = {isa = PBXFileReference; lastKnownFileType = wrapper.framework; path = Reveal.framework; sourceTree = "<group>"; };
		C20570891C8AD5AE0033D189 /* MyFontViewController.h */ = {isa = PBXFileReference; fileEncoding = 4; lastKnownFileType = sourcecode.c.h; path = MyFontViewController.h; sourceTree = "<group>"; };
		C205708A1C8AD5AE0033D189 /* MyFontViewController.m */ = {isa = PBXFileReference; fileEncoding = 4; lastKnownFileType = sourcecode.c.objc; path = MyFontViewController.m; sourceTree = "<group>"; };
		C20570931C8BEF5A0033D189 /* tianzige@2x.png */ = {isa = PBXFileReference; lastKnownFileType = image.png; path = "tianzige@2x.png"; sourceTree = "<group>"; };
		C20570941C8BEF5A0033D189 /* tianzige@3x.png */ = {isa = PBXFileReference; lastKnownFileType = image.png; path = "tianzige@3x.png"; sourceTree = "<group>"; };
		C24A18401C8C0BB400FEFF21 /* FMDBHelper.h */ = {isa = PBXFileReference; fileEncoding = 4; lastKnownFileType = sourcecode.c.h; path = FMDBHelper.h; sourceTree = "<group>"; };
		C24A18411C8C0BB400FEFF21 /* FMDBHelper.m */ = {isa = PBXFileReference; fileEncoding = 4; lastKnownFileType = sourcecode.c.objc; path = FMDBHelper.m; sourceTree = "<group>"; };
		C24A18431C8C150000FEFF21 /* ZOFontModel.h */ = {isa = PBXFileReference; fileEncoding = 4; lastKnownFileType = sourcecode.c.h; path = ZOFontModel.h; sourceTree = "<group>"; };
		C24A18441C8C150000FEFF21 /* ZOFontModel.m */ = {isa = PBXFileReference; fileEncoding = 4; lastKnownFileType = sourcecode.c.objc; path = ZOFontModel.m; sourceTree = "<group>"; };
		C24A18461C8D5B2100FEFF21 /* ZOPNGManager.h */ = {isa = PBXFileReference; fileEncoding = 4; lastKnownFileType = sourcecode.c.h; path = ZOPNGManager.h; sourceTree = "<group>"; };
		C24A18471C8D5B2100FEFF21 /* ZOPNGManager.m */ = {isa = PBXFileReference; fileEncoding = 4; lastKnownFileType = sourcecode.c.objc; path = ZOPNGManager.m; sourceTree = "<group>"; };
		C24A18491C8D6AE300FEFF21 /* WriteWordViewController.h */ = {isa = PBXFileReference; fileEncoding = 4; lastKnownFileType = sourcecode.c.h; path = WriteWordViewController.h; sourceTree = "<group>"; };
		C24A184A1C8D6AE300FEFF21 /* WriteWordViewController.m */ = {isa = PBXFileReference; fileEncoding = 4; lastKnownFileType = sourcecode.c.objc; path = WriteWordViewController.m; sourceTree = "<group>"; };
		C24A18521C8ECC8900FEFF21 /* InputNameView.h */ = {isa = PBXFileReference; fileEncoding = 4; lastKnownFileType = sourcecode.c.h; path = InputNameView.h; sourceTree = "<group>"; };
		C24A18531C8ECC8900FEFF21 /* InputNameView.m */ = {isa = PBXFileReference; fileEncoding = 4; lastKnownFileType = sourcecode.c.objc; path = InputNameView.m; sourceTree = "<group>"; };
		C24A18581C901C2000FEFF21 /* ZO-Bridging-Header.h */ = {isa = PBXFileReference; lastKnownFileType = sourcecode.c.h; path = "ZO-Bridging-Header.h"; sourceTree = "<group>"; };
		C24A18591C901C2100FEFF21 /* AFBrushBoard.swift */ = {isa = PBXFileReference; fileEncoding = 4; lastKnownFileType = sourcecode.swift; path = AFBrushBoard.swift; sourceTree = "<group>"; };
		C254F7B91C996384009E1441 /* UIImage+Tint.h */ = {isa = PBXFileReference; fileEncoding = 4; lastKnownFileType = sourcecode.c.h; path = "UIImage+Tint.h"; sourceTree = "<group>"; };
		C254F7BA1C996384009E1441 /* UIImage+Tint.m */ = {isa = PBXFileReference; fileEncoding = 4; lastKnownFileType = sourcecode.c.objc; path = "UIImage+Tint.m"; sourceTree = "<group>"; };
		C254F7BC1C9ABB6B009E1441 /* PreviewViewController.h */ = {isa = PBXFileReference; fileEncoding = 4; lastKnownFileType = sourcecode.c.h; path = PreviewViewController.h; sourceTree = "<group>"; };
		C254F7BD1C9ABB6B009E1441 /* PreviewViewController.m */ = {isa = PBXFileReference; fileEncoding = 4; lastKnownFileType = sourcecode.c.objc; path = PreviewViewController.m; sourceTree = "<group>"; };
		C254F7BF1C9ABD2A009E1441 /* SaveSuccessViewController.h */ = {isa = PBXFileReference; fileEncoding = 4; lastKnownFileType = sourcecode.c.h; path = SaveSuccessViewController.h; sourceTree = "<group>"; };
		C254F7C01C9ABD2A009E1441 /* SaveSuccessViewController.m */ = {isa = PBXFileReference; fileEncoding = 4; lastKnownFileType = sourcecode.c.objc; path = SaveSuccessViewController.m; sourceTree = "<group>"; };
		C254F7C31C9C1B1F009E1441 /* picture_placeholder.png */ = {isa = PBXFileReference; lastKnownFileType = image.png; path = picture_placeholder.png; sourceTree = "<group>"; };
		C2BA977A1C9142E8007B7725 /* SingleWordViewController.h */ = {isa = PBXFileReference; fileEncoding = 4; lastKnownFileType = sourcecode.c.h; path = SingleWordViewController.h; sourceTree = "<group>"; };
		C2BA977B1C9142E8007B7725 /* SingleWordViewController.m */ = {isa = PBXFileReference; fileEncoding = 4; lastKnownFileType = sourcecode.c.objc; path = SingleWordViewController.m; sourceTree = "<group>"; };
		C2BA977D1C915A00007B7725 /* WordListViewController.h */ = {isa = PBXFileReference; fileEncoding = 4; lastKnownFileType = sourcecode.c.h; path = WordListViewController.h; sourceTree = "<group>"; };
		C2BA977E1C915A00007B7725 /* WordListViewController.m */ = {isa = PBXFileReference; fileEncoding = 4; lastKnownFileType = sourcecode.c.objc; path = WordListViewController.m; sourceTree = "<group>"; };
		C2BA97801C916748007B7725 /* SingleWordCollectionViewCell.h */ = {isa = PBXFileReference; fileEncoding = 4; lastKnownFileType = sourcecode.c.h; path = SingleWordCollectionViewCell.h; sourceTree = "<group>"; };
		C2BA97811C916748007B7725 /* SingleWordCollectionViewCell.m */ = {isa = PBXFileReference; fileEncoding = 4; lastKnownFileType = sourcecode.c.objc; path = SingleWordCollectionViewCell.m; sourceTree = "<group>"; };
		C2BA97841C929A0E007B7725 /* ChooseTemplateViewController.h */ = {isa = PBXFileReference; fileEncoding = 4; lastKnownFileType = sourcecode.c.h; path = ChooseTemplateViewController.h; sourceTree = "<group>"; };
		C2BA97851C929A0E007B7725 /* ChooseTemplateViewController.m */ = {isa = PBXFileReference; fileEncoding = 4; lastKnownFileType = sourcecode.c.objc; path = ChooseTemplateViewController.m; sourceTree = "<group>"; };
		C2BA97871C92C4CB007B7725 /* CreateStuffViewController.h */ = {isa = PBXFileReference; fileEncoding = 4; lastKnownFileType = sourcecode.c.h; path = CreateStuffViewController.h; sourceTree = "<group>"; };
		C2BA97881C92C4CB007B7725 /* CreateStuffViewController.m */ = {isa = PBXFileReference; fileEncoding = 4; lastKnownFileType = sourcecode.c.objc; path = CreateStuffViewController.m; sourceTree = "<group>"; };
		C2BA978A1C93E839007B7725 /* CreateStuffToolbar.h */ = {isa = PBXFileReference; fileEncoding = 4; lastKnownFileType = sourcecode.c.h; path = CreateStuffToolbar.h; sourceTree = "<group>"; };
		C2BA978B1C93E839007B7725 /* CreateStuffToolbar.m */ = {isa = PBXFileReference; fileEncoding = 4; lastKnownFileType = sourcecode.c.objc; path = CreateStuffToolbar.m; sourceTree = "<group>"; };
		C2BA978D1C993860007B7725 /* WordImageView.h */ = {isa = PBXFileReference; fileEncoding = 4; lastKnownFileType = sourcecode.c.h; path = WordImageView.h; sourceTree = "<group>"; };
		C2BA978E1C993860007B7725 /* WordImageView.m */ = {isa = PBXFileReference; fileEncoding = 4; lastKnownFileType = sourcecode.c.objc; path = WordImageView.m; sourceTree = "<group>"; };
		C2C654031CABA85E003B989E /* pure_text@2x.png */ = {isa = PBXFileReference; lastKnownFileType = image.png; path = "pure_text@2x.png"; sourceTree = "<group>"; };
		C2C654041CABA85E003B989E /* pure_text@3x.png */ = {isa = PBXFileReference; lastKnownFileType = image.png; path = "pure_text@3x.png"; sourceTree = "<group>"; };
		C2C654071CABAABE003B989E /* image_top@2x.png */ = {isa = PBXFileReference; lastKnownFileType = image.png; path = "image_top@2x.png"; sourceTree = "<group>"; };
		C2C654081CABAABE003B989E /* image_top@3x.png */ = {isa = PBXFileReference; lastKnownFileType = image.png; path = "image_top@3x.png"; sourceTree = "<group>"; };
		C2C6540B1CABABC5003B989E /* text_in_image@2x.png */ = {isa = PBXFileReference; lastKnownFileType = image.png; path = "text_in_image@2x.png"; sourceTree = "<group>"; };
		C2C6540C1CABABC5003B989E /* text_in_image@3x.png */ = {isa = PBXFileReference; lastKnownFileType = image.png; path = "text_in_image@3x.png"; sourceTree = "<group>"; };
/* End PBXFileReference section */

/* Begin PBXFrameworksBuildPhase section */
		C20570511C89965E0033D189 /* Frameworks */ = {
			isa = PBXFrameworksBuildPhase;
			buildActionMask = 2147483647;
			files = (
				4E458F21FBB26791064ECC06 /* libPods.a in Frameworks */,
				C20570871C89EC9B0033D189 /* Reveal.framework in Frameworks */,
			);
			runOnlyForDeploymentPostprocessing = 0;
		};
/* End PBXFrameworksBuildPhase section */

/* Begin PBXGroup section */
		6C7FDFDC82CA396F71B22398 /* Pods */ = {
			isa = PBXGroup;
			children = (
				7A1A2E9293D64D88FA61E96A /* Pods.debug.xcconfig */,
				1B0B0B356551C2EBF461E346 /* Pods.release.xcconfig */,
			);
			name = Pods;
			sourceTree = "<group>";
		};
		7C9C061A720DB98AE37B5FDF /* Frameworks */ = {
			isa = PBXGroup;
			children = (
				C20570861C89EC9A0033D189 /* Reveal.framework */,
				1CD6B7B586AC9CCA5B08E770 /* libPods.a */,
			);
			name = Frameworks;
			sourceTree = "<group>";
		};
		C205704B1C89965E0033D189 = {
			isa = PBXGroup;
			children = (
				C20570561C89965E0033D189 /* ZO */,
				C20570551C89965E0033D189 /* Products */,
				6C7FDFDC82CA396F71B22398 /* Pods */,
				7C9C061A720DB98AE37B5FDF /* Frameworks */,
			);
			sourceTree = "<group>";
		};
		C20570551C89965E0033D189 /* Products */ = {
			isa = PBXGroup;
			children = (
				C20570541C89965E0033D189 /* ZO.app */,
			);
			name = Products;
			sourceTree = "<group>";
		};
		C20570561C89965E0033D189 /* ZO */ = {
			isa = PBXGroup;
			children = (
				C20570791C89A2F10033D189 /* tool */,
				C2BA97831C9299DE007B7725 /* createStuff */,
				C20570881C8AD5820033D189 /* myfont */,
				C20570751C899FAB0033D189 /* main */,
				C20570711C899F220033D189 /* penName */,
				C205705D1C89965E0033D189 /* ViewController.h */,
				C205705E1C89965E0033D189 /* ViewController.m */,
				C20570601C89965E0033D189 /* Main.storyboard */,
				C20570631C89965E0033D189 /* Assets.xcassets */,
				C20570651C89965E0033D189 /* LaunchScreen.storyboard */,
				C20570681C89965E0033D189 /* Info.plist */,
				C205705A1C89965E0033D189 /* AppDelegate.h */,
				C205705B1C89965E0033D189 /* AppDelegate.m */,
				C20570921C8BEF410033D189 /* Resource */,
				C20570571C89965E0033D189 /* Supporting Files */,
			);
			path = ZO;
			sourceTree = "<group>";
		};
		C20570571C89965E0033D189 /* Supporting Files */ = {
			isa = PBXGroup;
			children = (
				C20570581C89965E0033D189 /* main.m */,
				C20570831C89ADD00033D189 /* PrefixHeader.pch */,
			);
			name = "Supporting Files";
			sourceTree = "<group>";
		};
		C20570711C899F220033D189 /* penName */ = {
			isa = PBXGroup;
			children = (
				C20570721C899F220033D189 /* PennameViewController.h */,
				C20570731C899F220033D189 /* PennameViewController.m */,
			);
			path = penName;
			sourceTree = "<group>";
		};
		C20570751C899FAB0033D189 /* main */ = {
			isa = PBXGroup;
			children = (
				C20570761C899FC50033D189 /* MainViewController.h */,
				C20570771C899FC50033D189 /* MainViewController.m */,
			);
			path = main;
			sourceTree = "<group>";
		};
		C20570791C89A2F10033D189 /* tool */ = {
			isa = PBXGroup;
			children = (
				C254F7B91C996384009E1441 /* UIImage+Tint.h */,
				C254F7BA1C996384009E1441 /* UIImage+Tint.m */,
				C24A18591C901C2100FEFF21 /* AFBrushBoard.swift */,
				C205707E1C89A6E20033D189 /* SealView.h */,
				C205707F1C89A6E20033D189 /* SealView.m */,
				C24A18401C8C0BB400FEFF21 /* FMDBHelper.h */,
				C24A18411C8C0BB400FEFF21 /* FMDBHelper.m */,
				C24A18461C8D5B2100FEFF21 /* ZOPNGManager.h */,
				C24A18471C8D5B2100FEFF21 /* ZOPNGManager.m */,
				C24A18581C901C2000FEFF21 /* ZO-Bridging-Header.h */,
			);
			path = tool;
			sourceTree = "<group>";
		};
		C20570881C8AD5820033D189 /* myfont */ = {
			isa = PBXGroup;
			children = (
				C20570891C8AD5AE0033D189 /* MyFontViewController.h */,
				C205708A1C8AD5AE0033D189 /* MyFontViewController.m */,
				C24A18431C8C150000FEFF21 /* ZOFontModel.h */,
				C24A18441C8C150000FEFF21 /* ZOFontModel.m */,
				C24A18491C8D6AE300FEFF21 /* WriteWordViewController.h */,
				C24A184A1C8D6AE300FEFF21 /* WriteWordViewController.m */,
				C24A18521C8ECC8900FEFF21 /* InputNameView.h */,
				C24A18531C8ECC8900FEFF21 /* InputNameView.m */,
				C2BA977A1C9142E8007B7725 /* SingleWordViewController.h */,
				C2BA977B1C9142E8007B7725 /* SingleWordViewController.m */,
				C2BA977D1C915A00007B7725 /* WordListViewController.h */,
				C2BA977E1C915A00007B7725 /* WordListViewController.m */,
				C2BA97801C916748007B7725 /* SingleWordCollectionViewCell.h */,
				C2BA97811C916748007B7725 /* SingleWordCollectionViewCell.m */,
			);
			path = myfont;
			sourceTree = "<group>";
		};
		C20570921C8BEF410033D189 /* Resource */ = {
			isa = PBXGroup;
			children = (
				C2C6540B1CABABC5003B989E /* text_in_image@2x.png */,
				C2C6540C1CABABC5003B989E /* text_in_image@3x.png */,
				C2C654071CABAABE003B989E /* image_top@2x.png */,
				C2C654081CABAABE003B989E /* image_top@3x.png */,
				C2C654031CABA85E003B989E /* pure_text@2x.png */,
				C2C654041CABA85E003B989E /* pure_text@3x.png */,
				C254F7C31C9C1B1F009E1441 /* picture_placeholder.png */,
				C20570841C89B5F70033D189 /* 汉仪篆书繁.ttf */,
				C20570811C89A6F60033D189 /* seal_background.png */,
				C20570931C8BEF5A0033D189 /* tianzige@2x.png */,
				C20570941C8BEF5A0033D189 /* tianzige@3x.png */,
			);
			path = Resource;
			sourceTree = "<group>";
		};
		C2BA97831C9299DE007B7725 /* createStuff */ = {
			isa = PBXGroup;
			children = (
				C2BA97841C929A0E007B7725 /* ChooseTemplateViewController.h */,
				C2BA97851C929A0E007B7725 /* ChooseTemplateViewController.m */,
				C2BA978A1C93E839007B7725 /* CreateStuffToolbar.h */,
				C2BA978B1C93E839007B7725 /* CreateStuffToolbar.m */,
				C2BA97871C92C4CB007B7725 /* CreateStuffViewController.h */,
				C2BA97881C92C4CB007B7725 /* CreateStuffViewController.m */,
				C2BA978D1C993860007B7725 /* WordImageView.h */,
				C2BA978E1C993860007B7725 /* WordImageView.m */,
				C254F7BC1C9ABB6B009E1441 /* PreviewViewController.h */,
				C254F7BD1C9ABB6B009E1441 /* PreviewViewController.m */,
				C254F7BF1C9ABD2A009E1441 /* SaveSuccessViewController.h */,
				C254F7C01C9ABD2A009E1441 /* SaveSuccessViewController.m */,
			);
			name = createStuff;
			path = tool/createStuff;
			sourceTree = "<group>";
		};
/* End PBXGroup section */

/* Begin PBXNativeTarget section */
		C20570531C89965E0033D189 /* ZO */ = {
			isa = PBXNativeTarget;
			buildConfigurationList = C205706B1C89965E0033D189 /* Build configuration list for PBXNativeTarget "ZO" */;
			buildPhases = (
				681217AADF011FED2F860D78 /* Check Pods Manifest.lock */,
				C20570501C89965E0033D189 /* Sources */,
				C20570511C89965E0033D189 /* Frameworks */,
				C20570521C89965E0033D189 /* Resources */,
				EE9D4F14387424FBAA821686 /* Embed Pods Frameworks */,
				1FA98F02C1FEB755FE6325CE /* Copy Pods Resources */,
			);
			buildRules = (
			);
			dependencies = (
			);
			name = ZO;
			productName = ZO;
			productReference = C20570541C89965E0033D189 /* ZO.app */;
			productType = "com.apple.product-type.application";
		};
/* End PBXNativeTarget section */

/* Begin PBXProject section */
		C205704C1C89965E0033D189 /* Project object */ = {
			isa = PBXProject;
			attributes = {
				LastUpgradeCheck = 0720;
				ORGANIZATIONNAME = jeffssss;
				TargetAttributes = {
					C20570531C89965E0033D189 = {
						CreatedOnToolsVersion = 7.2;
						DevelopmentTeam = KR3M32V26V;
					};
				};
			};
			buildConfigurationList = C205704F1C89965E0033D189 /* Build configuration list for PBXProject "ZO" */;
			compatibilityVersion = "Xcode 3.2";
			developmentRegion = English;
			hasScannedForEncodings = 0;
			knownRegions = (
				en,
				Base,
			);
			mainGroup = C205704B1C89965E0033D189;
			productRefGroup = C20570551C89965E0033D189 /* Products */;
			projectDirPath = "";
			projectRoot = "";
			targets = (
				C20570531C89965E0033D189 /* ZO */,
			);
		};
/* End PBXProject section */

/* Begin PBXResourcesBuildPhase section */
		C20570521C89965E0033D189 /* Resources */ = {
			isa = PBXResourcesBuildPhase;
			buildActionMask = 2147483647;
			files = (
				C254F7C41C9C1B1F009E1441 /* picture_placeholder.png in Resources */,
				C2C6540E1CABABC5003B989E /* text_in_image@3x.png in Resources */,
				C254F7C21C9AD6FD009E1441 /* seal_background.png in Resources */,
				C20570991C8BF95D0033D189 /* 汉仪篆书繁.ttf in Resources */,
				C20570671C89965E0033D189 /* LaunchScreen.storyboard in Resources */,
				C2C654061CABA85E003B989E /* pure_text@3x.png in Resources */,
				C2C6540D1CABABC5003B989E /* text_in_image@2x.png in Resources */,
				C2C654051CABA85E003B989E /* pure_text@2x.png in Resources */,
				C20570641C89965E0033D189 /* Assets.xcassets in Resources */,
				C2C6540A1CABAABE003B989E /* image_top@3x.png in Resources */,
				C20570951C8BEF5A0033D189 /* tianzige@2x.png in Resources */,
				C20570961C8BEF5A0033D189 /* tianzige@3x.png in Resources */,
				C20570621C89965E0033D189 /* Main.storyboard in Resources */,
				C2C654091CABAABE003B989E /* image_top@2x.png in Resources */,
			);
			runOnlyForDeploymentPostprocessing = 0;
		};
/* End PBXResourcesBuildPhase section */

/* Begin PBXShellScriptBuildPhase section */
		1FA98F02C1FEB755FE6325CE /* Copy Pods Resources */ = {
			isa = PBXShellScriptBuildPhase;
			buildActionMask = 2147483647;
			files = (
			);
			inputPaths = (
			);
			name = "Copy Pods Resources";
			outputPaths = (
			);
			runOnlyForDeploymentPostprocessing = 0;
			shellPath = /bin/sh;
			shellScript = "\"${SRCROOT}/Pods/Target Support Files/Pods/Pods-resources.sh\"\n";
			showEnvVarsInLog = 0;
		};
		681217AADF011FED2F860D78 /* Check Pods Manifest.lock */ = {
			isa = PBXShellScriptBuildPhase;
			buildActionMask = 2147483647;
			files = (
			);
			inputPaths = (
			);
			name = "Check Pods Manifest.lock";
			outputPaths = (
			);
			runOnlyForDeploymentPostprocessing = 0;
			shellPath = /bin/sh;
			shellScript = "diff \"${PODS_ROOT}/../Podfile.lock\" \"${PODS_ROOT}/Manifest.lock\" > /dev/null\nif [[ $? != 0 ]] ; then\n    cat << EOM\nerror: The sandbox is not in sync with the Podfile.lock. Run 'pod install' or update your CocoaPods installation.\nEOM\n    exit 1\nfi\n";
			showEnvVarsInLog = 0;
		};
		EE9D4F14387424FBAA821686 /* Embed Pods Frameworks */ = {
			isa = PBXShellScriptBuildPhase;
			buildActionMask = 2147483647;
			files = (
			);
			inputPaths = (
			);
			name = "Embed Pods Frameworks";
			outputPaths = (
			);
			runOnlyForDeploymentPostprocessing = 0;
			shellPath = /bin/sh;
			shellScript = "\"${SRCROOT}/Pods/Target Support Files/Pods/Pods-frameworks.sh\"\n";
			showEnvVarsInLog = 0;
		};
/* End PBXShellScriptBuildPhase section */

/* Begin PBXSourcesBuildPhase section */
		C20570501C89965E0033D189 /* Sources */ = {
			isa = PBXSourcesBuildPhase;
			buildActionMask = 2147483647;
			files = (
				C24A18481C8D5B2100FEFF21 /* ZOPNGManager.m in Sources */,
				C205708B1C8AD5AE0033D189 /* MyFontViewController.m in Sources */,
				C24A18421C8C0BB400FEFF21 /* FMDBHelper.m in Sources */,
				C205705F1C89965E0033D189 /* ViewController.m in Sources */,
				C24A18451C8C150000FEFF21 /* ZOFontModel.m in Sources */,
				C20570741C899F220033D189 /* PennameViewController.m in Sources */,
				C2BA978C1C93E839007B7725 /* CreateStuffToolbar.m in Sources */,
				C2BA977C1C9142E8007B7725 /* SingleWordViewController.m in Sources */,
				C2BA978F1C993860007B7725 /* WordImageView.m in Sources */,
				C24A184B1C8D6AE300FEFF21 /* WriteWordViewController.m in Sources */,
				C24A18541C8ECC8900FEFF21 /* InputNameView.m in Sources */,
				C2BA97891C92C4CB007B7725 /* CreateStuffViewController.m in Sources */,
				C2BA97861C929A0E007B7725 /* ChooseTemplateViewController.m in Sources */,
				C24A185A1C901C2100FEFF21 /* AFBrushBoard.swift in Sources */,
				C2BA977F1C915A00007B7725 /* WordListViewController.m in Sources */,
				C254F7BE1C9ABB6B009E1441 /* PreviewViewController.m in Sources */,
				C254F7C11C9ABD2A009E1441 /* SaveSuccessViewController.m in Sources */,
				C254F7BB1C996384009E1441 /* UIImage+Tint.m in Sources */,
				C20570801C89A6E20033D189 /* SealView.m in Sources */,
				C205705C1C89965E0033D189 /* AppDelegate.m in Sources */,
				C20570781C899FC50033D189 /* MainViewController.m in Sources */,
				C2BA97821C916748007B7725 /* SingleWordCollectionViewCell.m in Sources */,
				C20570591C89965E0033D189 /* main.m in Sources */,
			);
			runOnlyForDeploymentPostprocessing = 0;
		};
/* End PBXSourcesBuildPhase section */

/* Begin PBXVariantGroup section */
		C20570601C89965E0033D189 /* Main.storyboard */ = {
			isa = PBXVariantGroup;
			children = (
				C20570611C89965E0033D189 /* Base */,
			);
			name = Main.storyboard;
			sourceTree = "<group>";
		};
		C20570651C89965E0033D189 /* LaunchScreen.storyboard */ = {
			isa = PBXVariantGroup;
			children = (
				C20570661C89965E0033D189 /* Base */,
			);
			name = LaunchScreen.storyboard;
			sourceTree = "<group>";
		};
/* End PBXVariantGroup section */

/* Begin XCBuildConfiguration section */
		C20570691C89965E0033D189 /* Debug */ = {
			isa = XCBuildConfiguration;
			buildSettings = {
				ALWAYS_SEARCH_USER_PATHS = NO;
				CLANG_CXX_LANGUAGE_STANDARD = "gnu++0x";
				CLANG_CXX_LIBRARY = "libc++";
				CLANG_ENABLE_MODULES = YES;
				CLANG_ENABLE_OBJC_ARC = YES;
				CLANG_WARN_BOOL_CONVERSION = YES;
				CLANG_WARN_CONSTANT_CONVERSION = YES;
				CLANG_WARN_DIRECT_OBJC_ISA_USAGE = YES_ERROR;
				CLANG_WARN_EMPTY_BODY = YES;
				CLANG_WARN_ENUM_CONVERSION = YES;
				CLANG_WARN_INT_CONVERSION = YES;
				CLANG_WARN_OBJC_ROOT_CLASS = YES_ERROR;
				CLANG_WARN_UNREACHABLE_CODE = YES;
				CLANG_WARN__DUPLICATE_METHOD_MATCH = YES;
				"CODE_SIGN_IDENTITY[sdk=iphoneos*]" = "iPhone Developer";
				COPY_PHASE_STRIP = NO;
				DEBUG_INFORMATION_FORMAT = dwarf;
				ENABLE_STRICT_OBJC_MSGSEND = YES;
				ENABLE_TESTABILITY = YES;
				GCC_C_LANGUAGE_STANDARD = gnu99;
				GCC_DYNAMIC_NO_PIC = NO;
				GCC_NO_COMMON_BLOCKS = YES;
				GCC_OPTIMIZATION_LEVEL = 0;
				GCC_PREPROCESSOR_DEFINITIONS = (
					"DEBUG=1",
					"$(inherited)",
				);
				GCC_WARN_64_TO_32_BIT_CONVERSION = YES;
				GCC_WARN_ABOUT_RETURN_TYPE = YES_ERROR;
				GCC_WARN_UNDECLARED_SELECTOR = YES;
				GCC_WARN_UNINITIALIZED_AUTOS = YES_AGGRESSIVE;
				GCC_WARN_UNUSED_FUNCTION = YES;
				GCC_WARN_UNUSED_VARIABLE = YES;
				IPHONEOS_DEPLOYMENT_TARGET = 9.2;
				MTL_ENABLE_DEBUG_INFO = YES;
				ONLY_ACTIVE_ARCH = YES;
				SDKROOT = iphoneos;
			};
			name = Debug;
		};
		C205706A1C89965E0033D189 /* Release */ = {
			isa = XCBuildConfiguration;
			buildSettings = {
				ALWAYS_SEARCH_USER_PATHS = NO;
				CLANG_CXX_LANGUAGE_STANDARD = "gnu++0x";
				CLANG_CXX_LIBRARY = "libc++";
				CLANG_ENABLE_MODULES = YES;
				CLANG_ENABLE_OBJC_ARC = YES;
				CLANG_WARN_BOOL_CONVERSION = YES;
				CLANG_WARN_CONSTANT_CONVERSION = YES;
				CLANG_WARN_DIRECT_OBJC_ISA_USAGE = YES_ERROR;
				CLANG_WARN_EMPTY_BODY = YES;
				CLANG_WARN_ENUM_CONVERSION = YES;
				CLANG_WARN_INT_CONVERSION = YES;
				CLANG_WARN_OBJC_ROOT_CLASS = YES_ERROR;
				CLANG_WARN_UNREACHABLE_CODE = YES;
				CLANG_WARN__DUPLICATE_METHOD_MATCH = YES;
				"CODE_SIGN_IDENTITY[sdk=iphoneos*]" = "iPhone Developer";
				COPY_PHASE_STRIP = NO;
				DEBUG_INFORMATION_FORMAT = "dwarf-with-dsym";
				ENABLE_NS_ASSERTIONS = NO;
				ENABLE_STRICT_OBJC_MSGSEND = YES;
				GCC_C_LANGUAGE_STANDARD = gnu99;
				GCC_NO_COMMON_BLOCKS = YES;
				GCC_WARN_64_TO_32_BIT_CONVERSION = YES;
				GCC_WARN_ABOUT_RETURN_TYPE = YES_ERROR;
				GCC_WARN_UNDECLARED_SELECTOR = YES;
				GCC_WARN_UNINITIALIZED_AUTOS = YES_AGGRESSIVE;
				GCC_WARN_UNUSED_FUNCTION = YES;
				GCC_WARN_UNUSED_VARIABLE = YES;
				IPHONEOS_DEPLOYMENT_TARGET = 9.2;
				MTL_ENABLE_DEBUG_INFO = NO;
				SDKROOT = iphoneos;
				VALIDATE_PRODUCT = YES;
			};
			name = Release;
		};
		C205706C1C89965E0033D189 /* Debug */ = {
			isa = XCBuildConfiguration;
			baseConfigurationReference = 7A1A2E9293D64D88FA61E96A /* Pods.debug.xcconfig */;
			buildSettings = {
				ASSETCATALOG_COMPILER_APPICON_NAME = AppIcon;
				CLANG_ENABLE_MODULES = YES;
				FRAMEWORK_SEARCH_PATHS = (
					"$(inherited)",
					"$(PROJECT_DIR)",
				);
				GCC_PREFIX_HEADER = "$(SRCROOT)/ZO/PrefixHeader.pch";
				INFOPLIST_FILE = ZO/Info.plist;
				LD_RUNPATH_SEARCH_PATHS = "$(inherited) @executable_path/Frameworks";
				OTHER_LDFLAGS = (
					"$(inherited)",
					"-ObjC",
					"-l\"FMDB\"",
					"-l\"KLCPopup\"",
					"-l\"MBProgressHUD\"",
					"-l\"MJRefresh\"",
					"-l\"YYCategories\"",
					"-l\"iCarousel\"",
					"-l\"sqlite3\"",
					"-l\"z\"",
					"-framework",
					"\"Accelerate\"",
					"-framework",
					"\"CoreFoundation\"",
					"-framework",
					"\"CoreGraphics\"",
					"-framework",
					"\"CoreImage\"",
					"-framework",
					"\"CoreText\"",
					"-framework",
					"\"ImageIO\"",
					"-framework",
					"\"QuartzCore\"",
					"-framework",
					"\"UIKit\"",
					"-lz",
					"-framework",
					Reveal,
				);
				PRODUCT_BUNDLE_IDENTIFIER = me.JF.ZO;
				PRODUCT_NAME = "$(TARGET_NAME)";
				SWIFT_OBJC_BRIDGING_HEADER = "ZO/tool/ZO-Bridging-Header.h";
				SWIFT_OPTIMIZATION_LEVEL = "-Onone";
			};
			name = Debug;
		};
		C205706D1C89965E0033D189 /* Release */ = {
			isa = XCBuildConfiguration;
			baseConfigurationReference = 1B0B0B356551C2EBF461E346 /* Pods.release.xcconfig */;
			buildSettings = {
				ASSETCATALOG_COMPILER_APPICON_NAME = AppIcon;
				CLANG_ENABLE_MODULES = YES;
				FRAMEWORK_SEARCH_PATHS = (
					"$(inherited)",
					"$(PROJECT_DIR)",
				);
				GCC_PREFIX_HEADER = "$(SRCROOT)/ZO/PrefixHeader.pch";
				INFOPLIST_FILE = ZO/Info.plist;
				LD_RUNPATH_SEARCH_PATHS = "$(inherited) @executable_path/Frameworks";
				OTHER_LDFLAGS = (
					"$(inherited)",
					"-ObjC",
					"-l\"FMDB\"",
					"-l\"KLCPopup\"",
					"-l\"MBProgressHUD\"",
					"-l\"MJRefresh\"",
					"-l\"YYCategories\"",
					"-l\"iCarousel\"",
					"-l\"sqlite3\"",
					"-l\"z\"",
					"-framework",
					"\"Accelerate\"",
					"-framework",
					"\"CoreFoundation\"",
					"-framework",
					"\"CoreGraphics\"",
					"-framework",
					"\"CoreImage\"",
					"-framework",
					"\"CoreText\"",
					"-framework",
					"\"ImageIO\"",
					"-framework",
					"\"QuartzCore\"",
					"-framework",
					"\"UIKit\"",
					"-lz",
					"-framework",
					Reveal,
				);
				PRODUCT_BUNDLE_IDENTIFIER = me.JF.ZO;
				PRODUCT_NAME = "$(TARGET_NAME)";
				SWIFT_OBJC_BRIDGING_HEADER = "ZO/tool/ZO-Bridging-Header.h";
			};
			name = Release;
		};
/* End XCBuildConfiguration section */

/* Begin XCConfigurationList section */
		C205704F1C89965E0033D189 /* Build configuration list for PBXProject "ZO" */ = {
			isa = XCConfigurationList;
			buildConfigurations = (
				C20570691C89965E0033D189 /* Debug */,
				C205706A1C89965E0033D189 /* Release */,
			);
			defaultConfigurationIsVisible = 0;
			defaultConfigurationName = Release;
		};
		C205706B1C89965E0033D189 /* Build configuration list for PBXNativeTarget "ZO" */ = {
			isa = XCConfigurationList;
			buildConfigurations = (
				C205706C1C89965E0033D189 /* Debug */,
				C205706D1C89965E0033D189 /* Release */,
			);
			defaultConfigurationIsVisible = 0;
			defaultConfigurationName = Release;
		};
/* End XCConfigurationList section */
	};
	rootObject = C205704C1C89965E0033D189 /* Project object */;
}
