// !$*UTF8*$!
{
	archiveVersion = 1;
	classes = {
	};
	objectVersion = 46;
	objects = {

/* Begin PBXBuildFile section */
		C20570591C89965E0033D189 /* main.m in Sources */ = {isa = PBXBuildFile; fileRef = C20570581C89965E0033D189 /* main.m */; };
		C205705C1C89965E0033D189 /* AppDelegate.m in Sources */ = {isa = PBXBuildFile; fileRef = C205705B1C89965E0033D189 /* AppDelegate.m */; };
		C205705F1C89965E0033D189 /* ViewController.m in Sources */ = {isa = PBXBuildFile; fileRef = C205705E1C89965E0033D189 /* ViewController.m */; };
		C20570621C89965E0033D189 /* Main.storyboard in Resources */ = {isa = PBXBuildFile; fileRef = C20570601C89965E0033D189 /* Main.storyboard */; };
		C20570641C89965E0033D189 /* Assets.xcassets in Resources */ = {isa = PBXBuildFile; fileRef = C20570631C89965E0033D189 /* Assets.xcassets */; };
		C20570671C89965E0033D189 /* LaunchScreen.storyboard in Resources */ = {isa = PBXBuildFile; fileRef = C20570651C89965E0033D189 /* LaunchScreen.storyboard */; };
/* End PBXBuildFile section */

/* Begin PBXFileReference section */
		C20570541C89965E0033D189 /* ZO.app */ = {isa = PBXFileReference; explicitFileType = wrapper.application; includeInIndex = 0; path = ZO.app; sourceTree = BUILT_PRODUCTS_DIR; };
		C20570581C89965E0033D189 /* main.m */ = {isa = PBXFileReference; lastKnownFileType = sourcecode.c.objc; path = main.m; sourceTree = "<group>"; };
		C205705A1C89965E0033D189 /* AppDelegate.h */ = {isa = PBXFileReference; lastKnownFileType = sourcecode.c.h; path = AppDelegate.h; sourceTree = "<group>"; };
		C205705B1C89965E0033D189 /* AppDelegate.m */ = {isa = PBXFileReference; lastKnownFileType = sourcecode.c.objc; path = AppDelegate.m; sourceTree = "<group>"; };
		C205705D1C89965E0033D189 /* ViewController.h */ = {isa = PBXFileReference; lastKnownFileType = sourcecode.c.h; path = ViewController.h; sourceTree = "<group>"; };
		C205705E1C89965E0033D189 /* ViewController.m */ = {isa = PBXFileReference; lastKnownFileType = sourcecode.c.objc; path = ViewController.m; sourceTree = "<group>"; };
		C20570611C89965E0033D189 /* Base */ = {isa = PBXFileReference; lastKnownFileType = file.storyboard; name = Base; path = Base.lproj/Main.storyboard; sourceTree = "<group>"; };
		C20570631C89965E0033D189 /* Assets.xcassets */ = {isa = PBXFileReference; lastKnownFileType = folder.assetcatalog; path = Assets.xcassets; sourceTree = "<group>"; };
		C20570661C89965E0033D189 /* Base */ = {isa = PBXFileReference; lastKnownFileType = file.storyboard; name = Base; path = Base.lproj/LaunchScreen.storyboard; sourceTree = "<group>"; };
		C20570681C89965E0033D189 /* Info.plist */ = {isa = PBXFileReference; lastKnownFileType = text.plist.xml; path = Info.plist; sourceTree = "<group>"; };
/* End PBXFileReference section */

/* Begin PBXFrameworksBuildPhase section */
		C20570511C89965E0033D189 /* Frameworks */ = {
			isa = PBXFrameworksBuildPhase;
			buildActionMask = 2147483647;
			files = (
			);
			runOnlyForDeploymentPostprocessing = 0;
		};
/* End PBXFrameworksBuildPhase section */

/* Begin PBXGroup section */
		C205704B1C89965E0033D189 = {
			isa = PBXGroup;
			children = (
				C20570561C89965E0033D189 /* ZO */,
				C20570551C89965E0033D189 /* Products */,
			);
			sourceTree = "<group>";
		};
		C20570551C89965E0033D189 /* Products */ = {
			isa = PBXGroup;
			children = (
				C20570541C89965E0033D189 /* ZO.app */,
			);
			name = Products;
			sourceTree = "<group>";
		};
		C20570561C89965E0033D189 /* ZO */ = {
			isa = PBXGroup;
			children = (
				C205705A1C89965E0033D189 /* AppDelegate.h */,
				C205705B1C89965E0033D189 /* AppDelegate.m */,
				C205705D1C89965E0033D189 /* ViewController.h */,
				C205705E1C89965E0033D189 /* ViewController.m */,
				C20570601C89965E0033D189 /* Main.storyboard */,
				C20570631C89965E0033D189 /* Assets.xcassets */,
				C20570651C89965E0033D189 /* LaunchScreen.storyboard */,
				C20570681C89965E0033D189 /* Info.plist */,
				C20570571C89965E0033D189 /* Supporting Files */,
			);
			path = ZO;
			sourceTree = "<group>";
		};
		C20570571C89965E0033D189 /* Supporting Files */ = {
			isa = PBXGroup;
			children = (
				C20570581C89965E0033D189 /* main.m */,
			);
			name = "Supporting Files";
			sourceTree = "<group>";
		};
/* End PBXGroup section */

/* Begin PBXNativeTarget section */
		C20570531C89965E0033D189 /* ZO */ = {
			isa = PBXNativeTarget;
			buildConfigurationList = C205706B1C89965E0033D189 /* Build configuration list for PBXNativeTarget "ZO" */;
			buildPhases = (
				C20570501C89965E0033D189 /* Sources */,
				C20570511C89965E0033D189 /* Frameworks */,
				C20570521C89965E0033D189 /* Resources */,
			);
			buildRules = (
			);
			dependencies = (
			);
			name = ZO;
			productName = ZO;
			productReference = C20570541C89965E0033D189 /* ZO.app */;
			productType = "com.apple.product-type.application";
		};
/* End PBXNativeTarget section */

/* Begin PBXProject section */
		C205704C1C89965E0033D189 /* Project object */ = {
			isa = PBXProject;
			attributes = {
				LastUpgradeCheck = 0720;
				ORGANIZATIONNAME = jeffssss;
				TargetAttributes = {
					C20570531C89965E0033D189 = {
						CreatedOnToolsVersion = 7.2;
						DevelopmentTeam = KR3M32V26V;
					};
				};
			};
			buildConfigurationList = C205704F1C89965E0033D189 /* Build configuration list for PBXProject "ZO" */;
			compatibilityVersion = "Xcode 3.2";
			developmentRegion = English;
			hasScannedForEncodings = 0;
			knownRegions = (
				en,
				Base,
			);
			mainGroup = C205704B1C89965E0033D189;
			productRefGroup = C20570551C89965E0033D189 /* Products */;
			projectDirPath = "";
			projectRoot = "";
			targets = (
				C20570531C89965E0033D189 /* ZO */,
			);
		};
/* End PBXProject section */

/* Begin PBXResourcesBuildPhase section */
		C20570521C89965E0033D189 /* Resources */ = {
			isa = PBXResourcesBuildPhase;
			buildActionMask = 2147483647;
			files = (
				C20570671C89965E0033D189 /* LaunchScreen.storyboard in Resources */,
				C20570641C89965E0033D189 /* Assets.xcassets in Resources */,
				C20570621C89965E0033D189 /* Main.storyboard in Resources */,
			);
			runOnlyForDeploymentPostprocessing = 0;
		};
/* End PBXResourcesBuildPhase section */

/* Begin PBXSourcesBuildPhase section */
		C20570501C89965E0033D189 /* Sources */ = {
			isa = PBXSourcesBuildPhase;
			buildActionMask = 2147483647;
			files = (
				C205705F1C89965E0033D189 /* ViewController.m in Sources */,
				C205705C1C89965E0033D189 /* AppDelegate.m in Sources */,
				C20570591C89965E0033D189 /* main.m in Sources */,
			);
			runOnlyForDeploymentPostprocessing = 0;
		};
/* End PBXSourcesBuildPhase section */

/* Begin PBXVariantGroup section */
		C20570601C89965E0033D189 /* Main.storyboard */ = {
			isa = PBXVariantGroup;
			children = (
				C20570611C89965E0033D189 /* Base */,
			);
			name = Main.storyboard;
			sourceTree = "<group>";
		};
		C20570651C89965E0033D189 /* LaunchScreen.storyboard */ = {
			isa = PBXVariantGroup;
			children = (
				C20570661C89965E0033D189 /* Base */,
			);
			name = LaunchScreen.storyboard;
			sourceTree = "<group>";
		};
/* End PBXVariantGroup section */

/* Begin XCBuildConfiguration section */
		C20570691C89965E0033D189 /* Debug */ = {
			isa = XCBuildConfiguration;
			buildSettings = {
				ALWAYS_SEARCH_USER_PATHS = NO;
				CLANG_CXX_LANGUAGE_STANDARD = "gnu++0x";
				CLANG_CXX_LIBRARY = "libc++";
				CLANG_ENABLE_MODULES = YES;
				CLANG_ENABLE_OBJC_ARC = YES;
				CLANG_WARN_BOOL_CONVERSION = YES;
				CLANG_WARN_CONSTANT_CONVERSION = YES;
				CLANG_WARN_DIRECT_OBJC_ISA_USAGE = YES_ERROR;
				CLANG_WARN_EMPTY_BODY = YES;
				CLANG_WARN_ENUM_CONVERSION = YES;
				CLANG_WARN_INT_CONVERSION = YES;
				CLANG_WARN_OBJC_ROOT_CLASS = YES_ERROR;
				CLANG_WARN_UNREACHABLE_CODE = YES;
				CLANG_WARN__DUPLICATE_METHOD_MATCH = YES;
				"CODE_SIGN_IDENTITY[sdk=iphoneos*]" = "iPhone Developer";
				COPY_PHASE_STRIP = NO;
				DEBUG_INFORMATION_FORMAT = dwarf;
				ENABLE_STRICT_OBJC_MSGSEND = YES;
				ENABLE_TESTABILITY = YES;
				GCC_C_LANGUAGE_STANDARD = gnu99;
				GCC_DYNAMIC_NO_PIC = NO;
				GCC_NO_COMMON_BLOCKS = YES;
				GCC_OPTIMIZATION_LEVEL = 0;
				GCC_PREPROCESSOR_DEFINITIONS = (
					"DEBUG=1",
					"$(inherited)",
				);
				GCC_WARN_64_TO_32_BIT_CONVERSION = YES;
				GCC_WARN_ABOUT_RETURN_TYPE = YES_ERROR;
				GCC_WARN_UNDECLARED_SELECTOR = YES;
				GCC_WARN_UNINITIALIZED_AUTOS = YES_AGGRESSIVE;
				GCC_WARN_UNUSED_FUNCTION = YES;
				GCC_WARN_UNUSED_VARIABLE = YES;
				IPHONEOS_DEPLOYMENT_TARGET = 9.2;
				MTL_ENABLE_DEBUG_INFO = YES;
				ONLY_ACTIVE_ARCH = YES;
				SDKROOT = iphoneos;
			};
			name = Debug;
		};
		C205706A1C89965E0033D189 /* Release */ = {
			isa = XCBuildConfiguration;
			buildSettings = {
				ALWAYS_SEARCH_USER_PATHS = NO;
				CLANG_CXX_LANGUAGE_STANDARD = "gnu++0x";
				CLANG_CXX_LIBRARY = "libc++";
				CLANG_ENABLE_MODULES = YES;
				CLANG_ENABLE_OBJC_ARC = YES;
				CLANG_WARN_BOOL_CONVERSION = YES;
				CLANG_WARN_CONSTANT_CONVERSION = YES;
				CLANG_WARN_DIRECT_OBJC_ISA_USAGE = YES_ERROR;
				CLANG_WARN_EMPTY_BODY = YES;
				CLANG_WARN_ENUM_CONVERSION = YES;
				CLANG_WARN_INT_CONVERSION = YES;
				CLANG_WARN_OBJC_ROOT_CLASS = YES_ERROR;
				CLANG_WARN_UNREACHABLE_CODE = YES;
				CLANG_WARN__DUPLICATE_METHOD_MATCH = YES;
				"CODE_SIGN_IDENTITY[sdk=iphoneos*]" = "iPhone Developer";
				COPY_PHASE_STRIP = NO;
				DEBUG_INFORMATION_FORMAT = "dwarf-with-dsym";
				ENABLE_NS_ASSERTIONS = NO;
				ENABLE_STRICT_OBJC_MSGSEND = YES;
				GCC_C_LANGUAGE_STANDARD = gnu99;
				GCC_NO_COMMON_BLOCKS = YES;
				GCC_WARN_64_TO_32_BIT_CONVERSION = YES;
				GCC_WARN_ABOUT_RETURN_TYPE = YES_ERROR;
				GCC_WARN_UNDECLARED_SELECTOR = YES;
				GCC_WARN_UNINITIALIZED_AUTOS = YES_AGGRESSIVE;
				GCC_WARN_UNUSED_FUNCTION = YES;
				GCC_WARN_UNUSED_VARIABLE = YES;
				IPHONEOS_DEPLOYMENT_TARGET = 9.2;
				MTL_ENABLE_DEBUG_INFO = NO;
				SDKROOT = iphoneos;
				VALIDATE_PRODUCT = YES;
			};
			name = Release;
		};
		C205706C1C89965E0033D189 /* Debug */ = {
			isa = XCBuildConfiguration;
			buildSettings = {
				ASSETCATALOG_COMPILER_APPICON_NAME = AppIcon;
				INFOPLIST_FILE = ZO/Info.plist;
				LD_RUNPATH_SEARCH_PATHS = "$(inherited) @executable_path/Frameworks";
				PRODUCT_BUNDLE_IDENTIFIER = me.JF.ZO;
				PRODUCT_NAME = "$(TARGET_NAME)";
			};
			name = Debug;
		};
		C205706D1C89965E0033D189 /* Release */ = {
			isa = XCBuildConfiguration;
			buildSettings = {
				ASSETCATALOG_COMPILER_APPICON_NAME = AppIcon;
				INFOPLIST_FILE = ZO/Info.plist;
				LD_RUNPATH_SEARCH_PATHS = "$(inherited) @executable_path/Frameworks";
				PRODUCT_BUNDLE_IDENTIFIER = me.JF.ZO;
				PRODUCT_NAME = "$(TARGET_NAME)";
			};
			name = Release;
		};
/* End XCBuildConfiguration section */

/* Begin XCConfigurationList section */
		C205704F1C89965E0033D189 /* Build configuration list for PBXProject "ZO" */ = {
			isa = XCConfigurationList;
			buildConfigurations = (
				C20570691C89965E0033D189 /* Debug */,
				C205706A1C89965E0033D189 /* Release */,
			);
			defaultConfigurationIsVisible = 0;
			defaultConfigurationName = Release;
		};
		C205706B1C89965E0033D189 /* Build configuration list for PBXNativeTarget "ZO" */ = {
			isa = XCConfigurationList;
			buildConfigurations = (
				C205706C1C89965E0033D189 /* Debug */,
				C205706D1C89965E0033D189 /* Release */,
			);
			defaultConfigurationIsVisible = 0;
		};
/* End XCConfigurationList section */
	};
	rootObject = C205704C1C89965E0033D189 /* Project object */;
}
